<?xml version="1.0" encoding="utf-8"?>
<Project ToolsVersion="4.0" xmlns="http://schemas.microsoft.com/developer/msbuild/2003">
  <ItemGroup>
    <Filter Include="소스 파일">
      <UniqueIdentifier>{4FC737F1-C7A5-4376-A066-2A32D752A2FF}</UniqueIdentifier>
      <Extensions>cpp;c;cc;cxx;def;odl;idl;hpj;bat;asm;asmx</Extensions>
    </Filter>
    <Filter Include="헤더 파일">
      <UniqueIdentifier>{93995380-89BD-4b04-88EB-625FBE52EBFB}</UniqueIdentifier>
      <Extensions>h;hh;hpp;hxx;hm;inl;inc;xsd</Extensions>
    </Filter>
    <Filter Include="리소스 파일">
      <UniqueIdentifier>{67DA6AB6-F800-4c08-8B7A-83BB121AAD01}</UniqueIdentifier>
      <Extensions>rc;ico;cur;bmp;dlg;rc2;rct;bin;rgs;gif;jpg;jpeg;jpe;resx;tiff;tif;png;wav;mfcribbon-ms</Extensions>
    </Filter>
  </ItemGroup>
  <ItemGroup>
    <ClCompile Include="1_Hello.cpp">
      <Filter>소스 파일</Filter>
    </ClCompile>
    <ClCompile Include="2_nullptr.cpp">
      <Filter>소스 파일</Filter>
    </ClCompile>
    <ClCompile Include="2_nullptr2.cpp">
      <Filter>소스 파일</Filter>
    </ClCompile>
    <ClCompile Include="2_nullptr3.cpp">
      <Filter>소스 파일</Filter>
    </ClCompile>
    <ClCompile Include="2_nullptr4.cpp">
      <Filter>소스 파일</Filter>
    </ClCompile>
    <ClCompile Include="2_nullptr5.cpp">
      <Filter>소스 파일</Filter>
    </ClCompile>
    <ClCompile Include="2_nullptr6.cpp">
      <Filter>소스 파일</Filter>
    </ClCompile>
    <ClCompile Include="3_uniform_initialize.cpp">
      <Filter>소스 파일</Filter>
    </ClCompile>
    <ClCompile Include="4_initializer_list.cpp">
      <Filter>소스 파일</Filter>
    </ClCompile>
    <ClCompile Include="4_initializer_list2.cpp">
      <Filter>소스 파일</Filter>
    </ClCompile>
    <ClCompile Include="5_typename.cpp">
      <Filter>소스 파일</Filter>
    </ClCompile>
    <ClCompile Include="6_지연된인스턴스화.cpp">
      <Filter>소스 파일</Filter>
    </ClCompile>
    <ClCompile Include="7_템플릿부분전문화.cpp">
      <Filter>소스 파일</Filter>
    </ClCompile>
    <ClCompile Include="8_traits.cpp">
      <Filter>소스 파일</Filter>
    </ClCompile>
    <ClCompile Include="8_traits2.cpp">
      <Filter>소스 파일</Filter>
    </ClCompile>
    <ClCompile Include="8_traits3.cpp">
      <Filter>소스 파일</Filter>
    </ClCompile>
    <ClCompile Include="8_traits4.cpp">
      <Filter>소스 파일</Filter>
    </ClCompile>
    <ClCompile Include="8_traits5.cpp">
      <Filter>소스 파일</Filter>
    </ClCompile>
    <ClCompile Include="8_traits6.cpp">
      <Filter>소스 파일</Filter>
    </ClCompile>
    <ClCompile Include="8_traits7.cpp">
      <Filter>소스 파일</Filter>
    </ClCompile>
    <ClCompile Include="9_static_assert.cpp">
      <Filter>소스 파일</Filter>
    </ClCompile>
    <ClCompile Include="9_static_assert2.cpp">
      <Filter>소스 파일</Filter>
    </ClCompile>
    <ClCompile Include="9_static_assert3.cpp">
      <Filter>소스 파일</Filter>
    </ClCompile>
    <ClCompile Include="10_begin_end.cpp">
      <Filter>소스 파일</Filter>
    </ClCompile>
    <ClCompile Include="10_begin_end2.cpp">
      <Filter>소스 파일</Filter>
    </ClCompile>
    <ClCompile Include="10_begin_end3.cpp">
      <Filter>소스 파일</Filter>
    </ClCompile>
    <ClCompile Include="10_begin_end4.cpp">
      <Filter>소스 파일</Filter>
    </ClCompile>
    <ClCompile Include="10_begin_end5.cpp">
      <Filter>소스 파일</Filter>
    </ClCompile>
    <ClCompile Include="11_가변인자템플릿.cpp">
      <Filter>소스 파일</Filter>
    </ClCompile>
    <ClCompile Include="11_가변인자템플릿2.cpp">
      <Filter>소스 파일</Filter>
    </ClCompile>
    <ClCompile Include="11_가변인자템플릿3.cpp">
      <Filter>소스 파일</Filter>
    </ClCompile>
    <ClCompile Include="11_가변인자템플릿4.cpp">
      <Filter>소스 파일</Filter>
    </ClCompile>
    <ClCompile Include="12_tuple.cpp">
      <Filter>소스 파일</Filter>
    </ClCompile>
    <ClCompile Include="12_tuple2.cpp">
      <Filter>소스 파일</Filter>
    </ClCompile>
    <ClCompile Include="12_tuple3.cpp">
      <Filter>소스 파일</Filter>
    </ClCompile>
    <ClCompile Include="12_tuple4.cpp">
      <Filter>소스 파일</Filter>
    </ClCompile>
    <ClCompile Include="12_tuple5.cpp">
      <Filter>소스 파일</Filter>
    </ClCompile>
    <ClCompile Include="12_tuple6.cpp">
      <Filter>소스 파일</Filter>
    </ClCompile>
  </ItemGroup>
</Project>